
Microsoft Visual Studio Solution File, Format Version 12.00
# Visual Studio Version 16
VisualStudioVersion = 16.0.29009.5
MinimumVisualStudioVersion = 10.0.40219.1
Project("{2150E333-8FDC-42A3-9474-1A3956D46DE8}") = "docs", "docs", "{6E30C318-05F4-423B-862F-74D818277495}"
EndProject
Project("{2150E333-8FDC-42A3-9474-1A3956D46DE8}") = "src", "src", "{85BBF655-0A00-4E92-B7D0-2AF8BA24BCAF}"
EndProject
Project("{2150E333-8FDC-42A3-9474-1A3956D46DE8}") = "tests", "tests", "{521FBFED-D84A-4CF1-8714-842207ED1775}"
EndProject
Project("{2150E333-8FDC-42A3-9474-1A3956D46DE8}") = "1 - Presentation", "1 - Presentation", "{402629FA-CF65-428B-9C05-C3DA6EC0E455}"
EndProject
Project("{2150E333-8FDC-42A3-9474-1A3956D46DE8}") = "2 - Application", "2 - Application", "{37CF6B0A-112C-4762-A635-CA0CC8248E99}"
EndProject
Project("{2150E333-8FDC-42A3-9474-1A3956D46DE8}") = "3 - Domain", "3 - Domain", "{91057EFB-4712-4FD8-B5C2-16B2E2E18740}"
EndProject
Project("{2150E333-8FDC-42A3-9474-1A3956D46DE8}") = "4 - Infrastructure", "4 - Infrastructure", "{F9CC2699-2294-4C3D-B1C0-A91E855C2E5C}"
EndProject
Project("{9A19103F-16F7-4668-BE54-9A1E7A4F7556}") = "Domain", "Domain\Domain.csproj", "{1C83A992-4CED-4499-90F8-685A82C59B3A}"
EndProject
Project("{9A19103F-16F7-4668-BE54-9A1E7A4F7556}") = "Infrastructure", "Infrastructure\Infrastructure.csproj", "{DA2679CC-56F5-4E42-8EC3-1E5681FF80C8}"
EndProject
Project("{9A19103F-16F7-4668-BE54-9A1E7A4F7556}") = "Api", "Api\Api.csproj", "{C9A52BFE-52DB-4C4C-A501-9FBA41A4293B}"
EndProject
Project("{9A19103F-16F7-4668-BE54-9A1E7A4F7556}") = "Application", "Application\Application.csproj", "{DD584D0E-92BF-47C2-B1F3-4AFD6FAD978B}"
EndProject
Project("{E53339B2-1760-4266-BCC7-CA923CBCF16C}") = "docker-compose", "docker-compose.dcproj", "{04D44925-0FE1-40A9-8E2D-203441E076CB}"
EndProject
Project("{9A19103F-16F7-4668-BE54-9A1E7A4F7556}") = "Domain.Test", "Domain.Test\Domain.Test.csproj", "{83C01BEA-5E42-410F-8849-79FFAAED7A71}"
EndProject
Project("{2150E333-8FDC-42A3-9474-1A3956D46DE8}") = "Solution Items", "Solution Items", "{4637C30D-1C1A-4314-90A0-E4F6CED8F6AD}"
	ProjectSection(SolutionItems) = preProject
		Dockerfile = Dockerfile
	EndProjectSection
EndProject
Global
	GlobalSection(SolutionConfigurationPlatforms) = preSolution
		Debug|Any CPU = Debug|Any CPU
		Release|Any CPU = Release|Any CPU
	EndGlobalSection
	GlobalSection(ProjectConfigurationPlatforms) = postSolution
		{1C83A992-4CED-4499-90F8-685A82C59B3A}.Debug|Any CPU.ActiveCfg = Debug|Any CPU
		{1C83A992-4CED-4499-90F8-685A82C59B3A}.Debug|Any CPU.Build.0 = Debug|Any CPU
		{1C83A992-4CED-4499-90F8-685A82C59B3A}.Release|Any CPU.ActiveCfg = Release|Any CPU
		{1C83A992-4CED-4499-90F8-685A82C59B3A}.Release|Any CPU.Build.0 = Release|Any CPU
		{DA2679CC-56F5-4E42-8EC3-1E5681FF80C8}.Debug|Any CPU.ActiveCfg = Debug|Any CPU
		{DA2679CC-56F5-4E42-8EC3-1E5681FF80C8}.Debug|Any CPU.Build.0 = Debug|Any CPU
		{DA2679CC-56F5-4E42-8EC3-1E5681FF80C8}.Release|Any CPU.ActiveCfg = Release|Any CPU
		{DA2679CC-56F5-4E42-8EC3-1E5681FF80C8}.Release|Any CPU.Build.0 = Release|Any CPU
		{C9A52BFE-52DB-4C4C-A501-9FBA41A4293B}.Debug|Any CPU.ActiveCfg = Debug|Any CPU
		{C9A52BFE-52DB-4C4C-A501-9FBA41A4293B}.Debug|Any CPU.Build.0 = Debug|Any CPU
		{C9A52BFE-52DB-4C4C-A501-9FBA41A4293B}.Release|Any CPU.ActiveCfg = Release|Any CPU
		{C9A52BFE-52DB-4C4C-A501-9FBA41A4293B}.Release|Any CPU.Build.0 = Release|Any CPU
		{DD584D0E-92BF-47C2-B1F3-4AFD6FAD978B}.Debug|Any CPU.ActiveCfg = Debug|Any CPU
		{DD584D0E-92BF-47C2-B1F3-4AFD6FAD978B}.Debug|Any CPU.Build.0 = Debug|Any CPU
		{DD584D0E-92BF-47C2-B1F3-4AFD6FAD978B}.Release|Any CPU.ActiveCfg = Release|Any CPU
		{DD584D0E-92BF-47C2-B1F3-4AFD6FAD978B}.Release|Any CPU.Build.0 = Release|Any CPU
		{04D44925-0FE1-40A9-8E2D-203441E076CB}.Debug|Any CPU.ActiveCfg = Debug|Any CPU
		{04D44925-0FE1-40A9-8E2D-203441E076CB}.Debug|Any CPU.Build.0 = Debug|Any CPU
		{04D44925-0FE1-40A9-8E2D-203441E076CB}.Release|Any CPU.ActiveCfg = Release|Any CPU
		{04D44925-0FE1-40A9-8E2D-203441E076CB}.Release|Any CPU.Build.0 = Release|Any CPU
		{83C01BEA-5E42-410F-8849-79FFAAED7A71}.Debug|Any CPU.ActiveCfg = Debug|Any CPU
		{83C01BEA-5E42-410F-8849-79FFAAED7A71}.Debug|Any CPU.Build.0 = Debug|Any CPU
		{83C01BEA-5E42-410F-8849-79FFAAED7A71}.Release|Any CPU.ActiveCfg = Release|Any CPU
		{83C01BEA-5E42-410F-8849-79FFAAED7A71}.Release|Any CPU.Build.0 = Release|Any CPU
	EndGlobalSection
	GlobalSection(SolutionProperties) = preSolution
		HideSolutionNode = FALSE
	EndGlobalSection
	GlobalSection(NestedProjects) = preSolution
		{402629FA-CF65-428B-9C05-C3DA6EC0E455} = {85BBF655-0A00-4E92-B7D0-2AF8BA24BCAF}
		{37CF6B0A-112C-4762-A635-CA0CC8248E99} = {85BBF655-0A00-4E92-B7D0-2AF8BA24BCAF}
		{91057EFB-4712-4FD8-B5C2-16B2E2E18740} = {85BBF655-0A00-4E92-B7D0-2AF8BA24BCAF}
		{F9CC2699-2294-4C3D-B1C0-A91E855C2E5C} = {85BBF655-0A00-4E92-B7D0-2AF8BA24BCAF}
		{1C83A992-4CED-4499-90F8-685A82C59B3A} = {91057EFB-4712-4FD8-B5C2-16B2E2E18740}
		{DA2679CC-56F5-4E42-8EC3-1E5681FF80C8} = {F9CC2699-2294-4C3D-B1C0-A91E855C2E5C}
		{C9A52BFE-52DB-4C4C-A501-9FBA41A4293B} = {402629FA-CF65-428B-9C05-C3DA6EC0E455}
		{DD584D0E-92BF-47C2-B1F3-4AFD6FAD978B} = {37CF6B0A-112C-4762-A635-CA0CC8248E99}
		{83C01BEA-5E42-410F-8849-79FFAAED7A71} = {521FBFED-D84A-4CF1-8714-842207ED1775}
	EndGlobalSection
	GlobalSection(ExtensibilityGlobals) = postSolution
		SolutionGuid = {7B6A8C3E-B823-4EA5-8F2D-553F61F2849A}
	EndGlobalSection
EndGlobal
